
Microsoft Visual Studio Solution File, Format Version 12.00
# Visual Studio Version 16
VisualStudioVersion = 16.0.30621.155
MinimumVisualStudioVersion = 10.0.40219.1
Project("{8BC9CEB8-8B4A-11D0-8D11-00A0C91BC942}") = "BishopPuzzleTest", "BishopPuzzleTest\BishopPuzzleTest.vcxproj", "{25BD6D94-3212-4BC5-AF94-83EC6908C684}"
	ProjectSection(ProjectDependencies) = postProject
		{25D051FB-6A0D-416F-BBDA-AD6E2DAB9C4D} = {25D051FB-6A0D-416F-BBDA-AD6E2DAB9C4D}
	EndProjectSection
EndProject
Project("{8BC9CEB8-8B4A-11D0-8D11-00A0C91BC942}") = "LoperLibrary", "LoperLibrary\LoperLibrary.vcxproj", "{25D051FB-6A0D-416F-BBDA-AD6E2DAB9C4D}"
EndProject
Project("{8BC9CEB8-8B4A-11D0-8D11-00A0C91BC942}") = "LoperPuzzle", "LoperPuzzle\LoperPuzzle.vcxproj", "{2A9E2D81-77EC-4F4C-AEB0-3CE6BF1AFF23}"
	ProjectSection(ProjectDependencies) = postProject
		{25D051FB-6A0D-416F-BBDA-AD6E2DAB9C4D} = {25D051FB-6A0D-416F-BBDA-AD6E2DAB9C4D}
	EndProjectSection
EndProject
Project("{8BC9CEB8-8B4A-11D0-8D11-00A0C91BC942}") = "KnightPuzzle", "KnightPuzzle\KnightPuzzle.vcxproj", "{222939CA-D55B-477E-A91B-429849816C63}"
EndProject
Project("{8BC9CEB8-8B4A-11D0-8D11-00A0C91BC942}") = "KnightPuzzleTest", "KnightPuzzleTest\KnightPuzzleTest.vcxproj", "{2F6B8283-FDF2-4A3F-9FFE-72F38B1BA94F}"
EndProject
Project("{8BC9CEB8-8B4A-11D0-8D11-00A0C91BC942}") = "SudokuSolver", "SudokuSolver\SudokuSolver.vcxproj", "{40E11445-E851-4C87-9E82-7A6C2BA04DD7}"
	ProjectSection(ProjectDependencies) = postProject
		{C893DAA5-0FB6-4FF8-AE62-4F6B31283F74} = {C893DAA5-0FB6-4FF8-AE62-4F6B31283F74}
	EndProjectSection
EndProject
Project("{8BC9CEB8-8B4A-11D0-8D11-00A0C91BC942}") = "SudokuPuzzle", "SudokuPuzzle\SudokuPuzzle.vcxproj", "{C893DAA5-0FB6-4FF8-AE62-4F6B31283F74}"
	ProjectSection(ProjectDependencies) = postProject
		{25D051FB-6A0D-416F-BBDA-AD6E2DAB9C4D} = {25D051FB-6A0D-416F-BBDA-AD6E2DAB9C4D}
	EndProjectSection
EndProject
Global
	GlobalSection(SolutionConfigurationPlatforms) = preSolution
		Debug|x64 = Debug|x64
		Debug|x86 = Debug|x86
		Release|x64 = Release|x64
		Release|x86 = Release|x86
	EndGlobalSection
	GlobalSection(ProjectConfigurationPlatforms) = postSolution
		{25BD6D94-3212-4BC5-AF94-83EC6908C684}.Debug|x64.ActiveCfg = Debug|x64
		{25BD6D94-3212-4BC5-AF94-83EC6908C684}.Debug|x64.Build.0 = Debug|x64
		{25BD6D94-3212-4BC5-AF94-83EC6908C684}.Debug|x86.ActiveCfg = Debug|Win32
		{25BD6D94-3212-4BC5-AF94-83EC6908C684}.Debug|x86.Build.0 = Debug|Win32
		{25BD6D94-3212-4BC5-AF94-83EC6908C684}.Release|x64.ActiveCfg = Release|x64
		{25BD6D94-3212-4BC5-AF94-83EC6908C684}.Release|x64.Build.0 = Release|x64
		{25BD6D94-3212-4BC5-AF94-83EC6908C684}.Release|x86.ActiveCfg = Release|Win32
		{25BD6D94-3212-4BC5-AF94-83EC6908C684}.Release|x86.Build.0 = Release|Win32
		{25D051FB-6A0D-416F-BBDA-AD6E2DAB9C4D}.Debug|x64.ActiveCfg = Debug|x64
		{25D051FB-6A0D-416F-BBDA-AD6E2DAB9C4D}.Debug|x64.Build.0 = Debug|x64
		{25D051FB-6A0D-416F-BBDA-AD6E2DAB9C4D}.Debug|x86.ActiveCfg = Debug|Win32
		{25D051FB-6A0D-416F-BBDA-AD6E2DAB9C4D}.Debug|x86.Build.0 = Debug|Win32
		{25D051FB-6A0D-416F-BBDA-AD6E2DAB9C4D}.Release|x64.ActiveCfg = Release|x64
		{25D051FB-6A0D-416F-BBDA-AD6E2DAB9C4D}.Release|x64.Build.0 = Release|x64
		{25D051FB-6A0D-416F-BBDA-AD6E2DAB9C4D}.Release|x86.ActiveCfg = Release|Win32
		{25D051FB-6A0D-416F-BBDA-AD6E2DAB9C4D}.Release|x86.Build.0 = Release|Win32
		{2A9E2D81-77EC-4F4C-AEB0-3CE6BF1AFF23}.Debug|x64.ActiveCfg = Debug|x64
		{2A9E2D81-77EC-4F4C-AEB0-3CE6BF1AFF23}.Debug|x64.Build.0 = Debug|x64
		{2A9E2D81-77EC-4F4C-AEB0-3CE6BF1AFF23}.Debug|x86.ActiveCfg = Debug|Win32
		{2A9E2D81-77EC-4F4C-AEB0-3CE6BF1AFF23}.Debug|x86.Build.0 = Debug|Win32
		{2A9E2D81-77EC-4F4C-AEB0-3CE6BF1AFF23}.Release|x64.ActiveCfg = Release|x64
		{2A9E2D81-77EC-4F4C-AEB0-3CE6BF1AFF23}.Release|x64.Build.0 = Release|x64
		{2A9E2D81-77EC-4F4C-AEB0-3CE6BF1AFF23}.Release|x86.ActiveCfg = Release|Win32
		{2A9E2D81-77EC-4F4C-AEB0-3CE6BF1AFF23}.Release|x86.Build.0 = Release|Win32
		{222939CA-D55B-477E-A91B-429849816C63}.Debug|x64.ActiveCfg = Debug|x64
		{222939CA-D55B-477E-A91B-429849816C63}.Debug|x64.Build.0 = Debug|x64
		{222939CA-D55B-477E-A91B-429849816C63}.Debug|x86.ActiveCfg = Debug|Win32
		{222939CA-D55B-477E-A91B-429849816C63}.Debug|x86.Build.0 = Debug|Win32
		{222939CA-D55B-477E-A91B-429849816C63}.Release|x64.ActiveCfg = Release|x64
		{222939CA-D55B-477E-A91B-429849816C63}.Release|x64.Build.0 = Release|x64
		{222939CA-D55B-477E-A91B-429849816C63}.Release|x86.ActiveCfg = Release|Win32
		{222939CA-D55B-477E-A91B-429849816C63}.Release|x86.Build.0 = Release|Win32
		{2F6B8283-FDF2-4A3F-9FFE-72F38B1BA94F}.Debug|x64.ActiveCfg = Debug|x64
		{2F6B8283-FDF2-4A3F-9FFE-72F38B1BA94F}.Debug|x64.Build.0 = Debug|x64
		{2F6B8283-FDF2-4A3F-9FFE-72F38B1BA94F}.Debug|x86.ActiveCfg = Debug|Win32
		{2F6B8283-FDF2-4A3F-9FFE-72F38B1BA94F}.Debug|x86.Build.0 = Debug|Win32
		{2F6B8283-FDF2-4A3F-9FFE-72F38B1BA94F}.Release|x64.ActiveCfg = Release|x64
		{2F6B8283-FDF2-4A3F-9FFE-72F38B1BA94F}.Release|x64.Build.0 = Release|x64
		{2F6B8283-FDF2-4A3F-9FFE-72F38B1BA94F}.Release|x86.ActiveCfg = Release|Win32
		{2F6B8283-FDF2-4A3F-9FFE-72F38B1BA94F}.Release|x86.Build.0 = Release|Win32
		{40E11445-E851-4C87-9E82-7A6C2BA04DD7}.Debug|x64.ActiveCfg = Debug|x64
		{40E11445-E851-4C87-9E82-7A6C2BA04DD7}.Debug|x64.Build.0 = Debug|x64
		{40E11445-E851-4C87-9E82-7A6C2BA04DD7}.Debug|x86.ActiveCfg = Debug|Win32
		{40E11445-E851-4C87-9E82-7A6C2BA04DD7}.Debug|x86.Build.0 = Debug|Win32
		{40E11445-E851-4C87-9E82-7A6C2BA04DD7}.Release|x64.ActiveCfg = Release|x64
		{40E11445-E851-4C87-9E82-7A6C2BA04DD7}.Release|x64.Build.0 = Release|x64
		{40E11445-E851-4C87-9E82-7A6C2BA04DD7}.Release|x86.ActiveCfg = Release|Win32
		{40E11445-E851-4C87-9E82-7A6C2BA04DD7}.Release|x86.Build.0 = Release|Win32
		{C893DAA5-0FB6-4FF8-AE62-4F6B31283F74}.Debug|x64.ActiveCfg = Debug|x64
		{C893DAA5-0FB6-4FF8-AE62-4F6B31283F74}.Debug|x64.Build.0 = Debug|x64
		{C893DAA5-0FB6-4FF8-AE62-4F6B31283F74}.Debug|x86.ActiveCfg = Debug|Win32
		{C893DAA5-0FB6-4FF8-AE62-4F6B31283F74}.Debug|x86.Build.0 = Debug|Win32
		{C893DAA5-0FB6-4FF8-AE62-4F6B31283F74}.Release|x64.ActiveCfg = Release|x64
		{C893DAA5-0FB6-4FF8-AE62-4F6B31283F74}.Release|x64.Build.0 = Release|x64
		{C893DAA5-0FB6-4FF8-AE62-4F6B31283F74}.Release|x86.ActiveCfg = Release|Win32
		{C893DAA5-0FB6-4FF8-AE62-4F6B31283F74}.Release|x86.Build.0 = Release|Win32
	EndGlobalSection
	GlobalSection(SolutionProperties) = preSolution
		HideSolutionNode = FALSE
	EndGlobalSection
	GlobalSection(ExtensibilityGlobals) = postSolution
		SolutionGuid = {6FA36457-3425-4711-89FF-CC0E97AAAE6B}
	EndGlobalSection
EndGlobal
